
Microsoft Visual Studio Solution File, Format Version 12.00
# Visual Studio Version 17
VisualStudioVersion = 17.7.34031.279
MinimumVisualStudioVersion = 10.0.40219.1
Project("{FAE04EC0-301F-11D3-BF4B-00C04F79EFBC}") = "CMPG223_project", "CMPG223_project.csproj", "{7716D17A-6ACF-4DCD-AFC5-7E587B457EEF}"
EndProject
Global
	GlobalSection(SolutionConfigurationPlatforms) = preSolution
		Debug|Any CPU = Debug|Any CPU
		Release|Any CPU = Release|Any CPU
	EndGlobalSection
	GlobalSection(ProjectConfigurationPlatforms) = postSolution
		{7716D17A-6ACF-4DCD-AFC5-7E587B457EEF}.Debug|Any CPU.ActiveCfg = Debug|Any CPU
		{7716D17A-6ACF-4DCD-AFC5-7E587B457EEF}.Debug|Any CPU.Build.0 = Debug|Any CPU
		{7716D17A-6ACF-4DCD-AFC5-7E587B457EEF}.Release|Any CPU.ActiveCfg = Release|Any CPU
		{7716D17A-6ACF-4DCD-AFC5-7E587B457EEF}.Release|Any CPU.Build.0 = Release|Any CPU
	EndGlobalSection
	GlobalSection(SolutionProperties) = preSolution
		HideSolutionNode = FALSE
	EndGlobalSection
	GlobalSection(ExtensibilityGlobals) = postSolution
		SolutionGuid = {03873BFD-B861-48F7-B803-D353F58073D6}
	EndGlobalSection
EndGlobal
